
Microsoft Visual Studio Solution File, Format Version 12.00
# Visual Studio 15
VisualStudioVersion = 15.0.26124.0
MinimumVisualStudioVersion = 15.0.26124.0
Project("{FAE04EC0-301F-11D3-BF4B-00C04F79EFBC}") = "Domain", "Domain\Domain.csproj", "{1AF5DE9F-3C4A-46E7-A027-E9A1C463E3C2}"
EndProject
Project("{FAE04EC0-301F-11D3-BF4B-00C04F79EFBC}") = "Application", "Application\Application.csproj", "{4F813E52-3C6F-4EE4-9F48-726D4112AC15}"
EndProject
Project("{FAE04EC0-301F-11D3-BF4B-00C04F79EFBC}") = "Persistence", "Persistence\Persistence.csproj", "{07B9236C-D23C-4F1A-A570-00E8B3FCE8C0}"
EndProject
Project("{FAE04EC0-301F-11D3-BF4B-00C04F79EFBC}") = "API", "API\API.csproj", "{636C2ABF-E6E9-44AE-9B44-76EB8BA1023A}"
EndProject
Global
	GlobalSection(SolutionConfigurationPlatforms) = preSolution
		Debug|Any CPU = Debug|Any CPU
		Debug|x64 = Debug|x64
		Debug|x86 = Debug|x86
		Release|Any CPU = Release|Any CPU
		Release|x64 = Release|x64
		Release|x86 = Release|x86
	EndGlobalSection
	GlobalSection(SolutionProperties) = preSolution
		HideSolutionNode = FALSE
	EndGlobalSection
	GlobalSection(ProjectConfigurationPlatforms) = postSolution
		{1AF5DE9F-3C4A-46E7-A027-E9A1C463E3C2}.Debug|Any CPU.ActiveCfg = Debug|Any CPU
		{1AF5DE9F-3C4A-46E7-A027-E9A1C463E3C2}.Debug|Any CPU.Build.0 = Debug|Any CPU
		{1AF5DE9F-3C4A-46E7-A027-E9A1C463E3C2}.Debug|x64.ActiveCfg = Debug|Any CPU
		{1AF5DE9F-3C4A-46E7-A027-E9A1C463E3C2}.Debug|x64.Build.0 = Debug|Any CPU
		{1AF5DE9F-3C4A-46E7-A027-E9A1C463E3C2}.Debug|x86.ActiveCfg = Debug|Any CPU
		{1AF5DE9F-3C4A-46E7-A027-E9A1C463E3C2}.Debug|x86.Build.0 = Debug|Any CPU
		{1AF5DE9F-3C4A-46E7-A027-E9A1C463E3C2}.Release|Any CPU.ActiveCfg = Release|Any CPU
		{1AF5DE9F-3C4A-46E7-A027-E9A1C463E3C2}.Release|Any CPU.Build.0 = Release|Any CPU
		{1AF5DE9F-3C4A-46E7-A027-E9A1C463E3C2}.Release|x64.ActiveCfg = Release|Any CPU
		{1AF5DE9F-3C4A-46E7-A027-E9A1C463E3C2}.Release|x64.Build.0 = Release|Any CPU
		{1AF5DE9F-3C4A-46E7-A027-E9A1C463E3C2}.Release|x86.ActiveCfg = Release|Any CPU
		{1AF5DE9F-3C4A-46E7-A027-E9A1C463E3C2}.Release|x86.Build.0 = Release|Any CPU
		{4F813E52-3C6F-4EE4-9F48-726D4112AC15}.Debug|Any CPU.ActiveCfg = Debug|Any CPU
		{4F813E52-3C6F-4EE4-9F48-726D4112AC15}.Debug|Any CPU.Build.0 = Debug|Any CPU
		{4F813E52-3C6F-4EE4-9F48-726D4112AC15}.Debug|x64.ActiveCfg = Debug|Any CPU
		{4F813E52-3C6F-4EE4-9F48-726D4112AC15}.Debug|x64.Build.0 = Debug|Any CPU
		{4F813E52-3C6F-4EE4-9F48-726D4112AC15}.Debug|x86.ActiveCfg = Debug|Any CPU
		{4F813E52-3C6F-4EE4-9F48-726D4112AC15}.Debug|x86.Build.0 = Debug|Any CPU
		{4F813E52-3C6F-4EE4-9F48-726D4112AC15}.Release|Any CPU.ActiveCfg = Release|Any CPU
		{4F813E52-3C6F-4EE4-9F48-726D4112AC15}.Release|Any CPU.Build.0 = Release|Any CPU
		{4F813E52-3C6F-4EE4-9F48-726D4112AC15}.Release|x64.ActiveCfg = Release|Any CPU
		{4F813E52-3C6F-4EE4-9F48-726D4112AC15}.Release|x64.Build.0 = Release|Any CPU
		{4F813E52-3C6F-4EE4-9F48-726D4112AC15}.Release|x86.ActiveCfg = Release|Any CPU
		{4F813E52-3C6F-4EE4-9F48-726D4112AC15}.Release|x86.Build.0 = Release|Any CPU
		{07B9236C-D23C-4F1A-A570-00E8B3FCE8C0}.Debug|Any CPU.ActiveCfg = Debug|Any CPU
		{07B9236C-D23C-4F1A-A570-00E8B3FCE8C0}.Debug|Any CPU.Build.0 = Debug|Any CPU
		{07B9236C-D23C-4F1A-A570-00E8B3FCE8C0}.Debug|x64.ActiveCfg = Debug|Any CPU
		{07B9236C-D23C-4F1A-A570-00E8B3FCE8C0}.Debug|x64.Build.0 = Debug|Any CPU
		{07B9236C-D23C-4F1A-A570-00E8B3FCE8C0}.Debug|x86.ActiveCfg = Debug|Any CPU
		{07B9236C-D23C-4F1A-A570-00E8B3FCE8C0}.Debug|x86.Build.0 = Debug|Any CPU
		{07B9236C-D23C-4F1A-A570-00E8B3FCE8C0}.Release|Any CPU.ActiveCfg = Release|Any CPU
		{07B9236C-D23C-4F1A-A570-00E8B3FCE8C0}.Release|Any CPU.Build.0 = Release|Any CPU
		{07B9236C-D23C-4F1A-A570-00E8B3FCE8C0}.Release|x64.ActiveCfg = Release|Any CPU
		{07B9236C-D23C-4F1A-A570-00E8B3FCE8C0}.Release|x64.Build.0 = Release|Any CPU
		{07B9236C-D23C-4F1A-A570-00E8B3FCE8C0}.Release|x86.ActiveCfg = Release|Any CPU
		{07B9236C-D23C-4F1A-A570-00E8B3FCE8C0}.Release|x86.Build.0 = Release|Any CPU
		{636C2ABF-E6E9-44AE-9B44-76EB8BA1023A}.Debug|Any CPU.ActiveCfg = Debug|Any CPU
		{636C2ABF-E6E9-44AE-9B44-76EB8BA1023A}.Debug|Any CPU.Build.0 = Debug|Any CPU
		{636C2ABF-E6E9-44AE-9B44-76EB8BA1023A}.Debug|x64.ActiveCfg = Debug|Any CPU
		{636C2ABF-E6E9-44AE-9B44-76EB8BA1023A}.Debug|x64.Build.0 = Debug|Any CPU
		{636C2ABF-E6E9-44AE-9B44-76EB8BA1023A}.Debug|x86.ActiveCfg = Debug|Any CPU
		{636C2ABF-E6E9-44AE-9B44-76EB8BA1023A}.Debug|x86.Build.0 = Debug|Any CPU
		{636C2ABF-E6E9-44AE-9B44-76EB8BA1023A}.Release|Any CPU.ActiveCfg = Release|Any CPU
		{636C2ABF-E6E9-44AE-9B44-76EB8BA1023A}.Release|Any CPU.Build.0 = Release|Any CPU
		{636C2ABF-E6E9-44AE-9B44-76EB8BA1023A}.Release|x64.ActiveCfg = Release|Any CPU
		{636C2ABF-E6E9-44AE-9B44-76EB8BA1023A}.Release|x64.Build.0 = Release|Any CPU
		{636C2ABF-E6E9-44AE-9B44-76EB8BA1023A}.Release|x86.ActiveCfg = Release|Any CPU
		{636C2ABF-E6E9-44AE-9B44-76EB8BA1023A}.Release|x86.Build.0 = Release|Any CPU
	EndGlobalSection
EndGlobal
